github.com/FZambia/go-sentinel v0.0.0-20171204085413-76bd05e8e22f h1:Cw8+PWqu3OTXtFUPb6TzFTbYUXrd2EYSM4ZMNwHpvvQ=
github.com/FZambia/go-sentinel v0.0.0-20171204085413-76bd05e8e22f/go.mod h1:Gmudsni9xSECr+W+WXj5+LydMIQ1sVJ69gVswhqFbAc=
github.com/davecgh/go-spew v1.1.0 h1:ZDRjVQ15GmhC3fiQ8ni8+OwkZQO4DARzQgrnXU1Liz8=
github.com/davecgh/go-spew v1.1.0/go.mod h1:J7Y8YcW2NihsgmVo/mv3lAwl/skON4iLHjSsI+c5H38=
github.com/garyburd/redigo v1.6.0 h1:0VruCpn7yAIIu7pWVClQC8wxCJEcG3nyzpMSHKi1PQc=
github.com/garyburd/redigo v1.6.0/go.mod h1:NR3MbYisc3/PwhQ00EMzDiPmrwpPxAn5GI05/YaO1SY=
github.com/pmezard/go-difflib v1.0.0 h1:4DBwDE0NGyQoBHbLQYPwSUPoCMWR5BEzIk/f1lZbAQM=
github.com/pmezard/go-difflib v1.0.0/go.mod h1:iKH77koFhYxTK1pcRnkKkqfTogsbg7gZNVY4sRDYZ/4=
github.com/rafaeljusto/redigomock v0.0.0-20170720131524-7ae0511314e9 h1:AgFSzGRVSy1kZ8EBHycQc6qK9gVqhJnVI2H/dk2cY/Y=
github.com/rafaeljusto/redigomock v0.0.0-20170720131524-7ae0511314e9/go.mod h1:JaY6n2sDr+z2WTsXkOmNRUfDy6FN0L6Nk7x06ndm4tY=
github.com/stretchr/testify v1.2.1 h1:52QO5WkIUcHGIR7EnGagH88x1bUzqGXTC5/1bDTUQ7U=
github.com/stretchr/testify v1.2.1/go.mod h1:a8OnRcib4nhh0OaRAV+Yts87kKdq0PP7pXfy6kDkUVs=
